
Microsoft Visual Studio Solution File, Format Version 12.00
# Visual Studio Version 17
VisualStudioVersion = 17.11.35303.130
MinimumVisualStudioVersion = 10.0.40219.1
Project("{FAE04EC0-301F-11D3-BF4B-00C04F79EFBC}") = "ComputerApi", "ComputerApi\ComputerApi.csproj", "{D07E024E-21EC-451B-8BFD-57BDCDA64102}"
EndProject
Project("{2150E333-8FDC-42A3-9474-1A3956D46DE8}") = "Solution Items", "Solution Items", "{14595102-FE73-4C2F-ADE7-6AFC5D639F9C}"
	ProjectSection(SolutionItems) = preProject
		.gitignore = .gitignore
	EndProjectSection
EndProject
Global
	GlobalSection(SolutionConfigurationPlatforms) = preSolution
		Debug|Any CPU = Debug|Any CPU
		Release|Any CPU = Release|Any CPU
	EndGlobalSection
	GlobalSection(ProjectConfigurationPlatforms) = postSolution
		{D07E024E-21EC-451B-8BFD-57BDCDA64102}.Debug|Any CPU.ActiveCfg = Debug|Any CPU
		{D07E024E-21EC-451B-8BFD-57BDCDA64102}.Debug|Any CPU.Build.0 = Debug|Any CPU
		{D07E024E-21EC-451B-8BFD-57BDCDA64102}.Release|Any CPU.ActiveCfg = Release|Any CPU
		{D07E024E-21EC-451B-8BFD-57BDCDA64102}.Release|Any CPU.Build.0 = Release|Any CPU
	EndGlobalSection
	GlobalSection(SolutionProperties) = preSolution
		HideSolutionNode = FALSE
	EndGlobalSection
	GlobalSection(ExtensibilityGlobals) = postSolution
		SolutionGuid = {6B317C4B-EA20-4F06-8098-821EC7817EEE}
	EndGlobalSection
EndGlobal
